
Microsoft Visual Studio Solution File, Format Version 12.00
# Visual Studio 15
VisualStudioVersion = 15.0.27428.2002
MinimumVisualStudioVersion = 10.0.40219.1
Project("{FAE04EC0-301F-11D3-BF4B-00C04F79EFBC}") = "video player", "video player\video player.csproj", "{FF05B3EE-EAB1-4181-BDBE-B24061D3989A}"
EndProject
Global
	GlobalSection(SolutionConfigurationPlatforms) = preSolution
		Debug|ARM = Debug|ARM
		Debug|x64 = Debug|x64
		Debug|x86 = Debug|x86
		Release|ARM = Release|ARM
		Release|x64 = Release|x64
		Release|x86 = Release|x86
	EndGlobalSection
	GlobalSection(ProjectConfigurationPlatforms) = postSolution
		{FF05B3EE-EAB1-4181-BDBE-B24061D3989A}.Debug|ARM.ActiveCfg = Debug|ARM
		{FF05B3EE-EAB1-4181-BDBE-B24061D3989A}.Debug|ARM.Build.0 = Debug|ARM
		{FF05B3EE-EAB1-4181-BDBE-B24061D3989A}.Debug|ARM.Deploy.0 = Debug|ARM
		{FF05B3EE-EAB1-4181-BDBE-B24061D3989A}.Debug|x64.ActiveCfg = Debug|x64
		{FF05B3EE-EAB1-4181-BDBE-B24061D3989A}.Debug|x64.Build.0 = Debug|x64
		{FF05B3EE-EAB1-4181-BDBE-B24061D3989A}.Debug|x64.Deploy.0 = Debug|x64
		{FF05B3EE-EAB1-4181-BDBE-B24061D3989A}.Debug|x86.ActiveCfg = Debug|x86
		{FF05B3EE-EAB1-4181-BDBE-B24061D3989A}.Debug|x86.Build.0 = Debug|x86
		{FF05B3EE-EAB1-4181-BDBE-B24061D3989A}.Debug|x86.Deploy.0 = Debug|x86
		{FF05B3EE-EAB1-4181-BDBE-B24061D3989A}.Release|ARM.ActiveCfg = Release|ARM
		{FF05B3EE-EAB1-4181-BDBE-B24061D3989A}.Release|ARM.Build.0 = Release|ARM
		{FF05B3EE-EAB1-4181-BDBE-B24061D3989A}.Release|ARM.Deploy.0 = Release|ARM
		{FF05B3EE-EAB1-4181-BDBE-B24061D3989A}.Release|x64.ActiveCfg = Release|x64
		{FF05B3EE-EAB1-4181-BDBE-B24061D3989A}.Release|x64.Build.0 = Release|x64
		{FF05B3EE-EAB1-4181-BDBE-B24061D3989A}.Release|x64.Deploy.0 = Release|x64
		{FF05B3EE-EAB1-4181-BDBE-B24061D3989A}.Release|x86.ActiveCfg = Release|x86
		{FF05B3EE-EAB1-4181-BDBE-B24061D3989A}.Release|x86.Build.0 = Release|x86
		{FF05B3EE-EAB1-4181-BDBE-B24061D3989A}.Release|x86.Deploy.0 = Release|x86
	EndGlobalSection
	GlobalSection(SolutionProperties) = preSolution
		HideSolutionNode = FALSE
	EndGlobalSection
	GlobalSection(ExtensibilityGlobals) = postSolution
		SolutionGuid = {72CA9F60-C93B-43B1-930A-059ED09B6606}
	EndGlobalSection
EndGlobal
